{
  "version": "2",
  "remote": {
    "https://deno.land/std@0.192.0/collections/filter_values.ts": "5b9feaf17b9a6e5ffccdd36cf6f38fa4ffa94cff2602d381c2ad0c2a97929652",
    "https://deno.land/std@0.192.0/collections/without_all.ts": "a89f5da0b5830defed4f59666e188df411d8fece35a5f6ca69be6ca71a95c185",
    "https://deno.land/std@0.192.0/dotenv/mod.ts": "f5a8123741d1561ae8184a7f043bc097b15132c5171c651142b804b6dbc21853",
    "https://deno.land/std@0.192.0/encoding/base64.ts": "144ae6234c1fbe5b68666c711dc15b1e9ee2aef6d42b3b4345bf9a6c91d70d0d",
    "https://deno.land/std@0.192.0/encoding/base64url.ts": "2ed4ba122b20fedf226c5d337cf22ee2024fa73a8f85d915d442af7e9ce1fae1",
    "https://deno.land/std@0.198.0/assert/assert.ts": "9a97dad6d98c238938e7540736b826440ad8c1c1e54430ca4c4e623e585607ee",
    "https://deno.land/std@0.198.0/assert/assertion_error.ts": "4d0bde9b374dfbcbe8ac23f54f567b77024fb67dbb1906a852d67fe050d42f56",
    "https://deno.land/std@0.198.0/datetime/to_imf.ts": "8f9c0af8b167031ffe2e03da01a12a3b0672cc7562f89c61942a0ab0129771b2",
    "https://deno.land/std@0.198.0/http/cookie.ts": "6a8a85f84e64ec548d8dc785fa646fc968234264fc00e8a5c7693c07cadff955",
    "https://deno.land/x/djwt@v2.9.1/algorithm.ts": "9b67833bb708880435906bb1ea657608fa78692d05e23e2f5f5917c89120f1d2",
    "https://deno.land/x/djwt@v2.9.1/deps.ts": "550e9153f2b4b1c63158bfacfb5b80f34f29c3dd857da2becc1941e9ef04138f",
    "https://deno.land/x/djwt@v2.9.1/mod.ts": "982aff83fb2036e396f5c9996dbff0c2b8949f6d9f35c82270358c440933ab73",
    "https://deno.land/x/djwt@v2.9.1/signature.ts": "a5649368a4b433b2810e7d47f53661fe3b0f7fe1778cb49234ceae3d6e861185",
    "https://deno.land/x/djwt@v2.9.1/util.ts": "0d78272bd23a4656ceabe137d496fcca37cf3de36212477642aa5d85a880d87a"
  }
}
